
Microsoft Visual Studio Solution File, Format Version 12.00
# Visual Studio 15
VisualStudioVersion = 15.0.28307.572
MinimumVisualStudioVersion = 10.0.40219.1
Project("{888888A0-9F3D-457C-B088-3A5042F75D52}") = "KinectGame1", "KinectGame1.pyproj", "{8D09436C-0043-4C2D-BD0D-DB28AE02CE95}"
EndProject
Global
	GlobalSection(SolutionConfigurationPlatforms) = preSolution
		Debug|Any CPU = Debug|Any CPU
		Release|Any CPU = Release|Any CPU
	EndGlobalSection
	GlobalSection(ProjectConfigurationPlatforms) = postSolution
		{8D09436C-0043-4C2D-BD0D-DB28AE02CE95}.Debug|Any CPU.ActiveCfg = Debug|Any CPU
		{8D09436C-0043-4C2D-BD0D-DB28AE02CE95}.Release|Any CPU.ActiveCfg = Release|Any CPU
	EndGlobalSection
	GlobalSection(SolutionProperties) = preSolution
		HideSolutionNode = FALSE
	EndGlobalSection
	GlobalSection(ExtensibilityGlobals) = postSolution
		SolutionGuid = {FF15A5B3-B67B-43CD-BECC-C95DC3555023}
	EndGlobalSection
EndGlobal
